
Microsoft Visual Studio Solution File, Format Version 12.00
Project("{FAE04EC0-301F-11D3-BF4B-00C04F79EFBC}") = "OrderProcessing.API", "OrderProcessing.API\OrderProcessing.API.csproj", "{E62068DB-59A8-4477-B6A1-15133F24DDA6}"
	ProjectSection(ProjectDependencies) = postProject
		{F57BBE55-6F9A-494C-8BEC-F0B46A752418} = {F57BBE55-6F9A-494C-8BEC-F0B46A752418}
		{E9627CC5-3EA4-4605-9694-46F33036CA70} = {E9627CC5-3EA4-4605-9694-46F33036CA70}
	EndProjectSection
EndProject
Project("{FAE04EC0-301F-11D3-BF4B-00C04F79EFBC}") = "OrderProcessing.Application", "OrderProcessing.Application\OrderProcessing.Application.csproj", "{F57BBE55-6F9A-494C-8BEC-F0B46A752418}"
	ProjectSection(ProjectDependencies) = postProject
		{C5EF64C4-7AE0-407C-851C-0935AAFCCB95} = {C5EF64C4-7AE0-407C-851C-0935AAFCCB95}
	EndProjectSection
EndProject
Project("{FAE04EC0-301F-11D3-BF4B-00C04F79EFBC}") = "OrderProcessing.Domain", "OrderProcessing.Domain\OrderProcessing.Domain.csproj", "{C5EF64C4-7AE0-407C-851C-0935AAFCCB95}"
EndProject
Project("{FAE04EC0-301F-11D3-BF4B-00C04F79EFBC}") = "OrderProcessing.Infrastructure", "OrderProcessing.Infrastructure\OrderProcessing.Infrastructure.csproj", "{E9627CC5-3EA4-4605-9694-46F33036CA70}"
	ProjectSection(ProjectDependencies) = postProject
		{C5EF64C4-7AE0-407C-851C-0935AAFCCB95} = {C5EF64C4-7AE0-407C-851C-0935AAFCCB95}
		{F57BBE55-6F9A-494C-8BEC-F0B46A752418} = {F57BBE55-6F9A-494C-8BEC-F0B46A752418}
	EndProjectSection
EndProject
Project("{FAE04EC0-301F-11D3-BF4B-00C04F79EFBC}") = "OrderProcessing.Worker", "OrderProcessing.Worker\OrderProcessing.Worker.csproj", "{995F8F90-F067-45AE-BBD3-8D3A9090C68D}"
	ProjectSection(ProjectDependencies) = postProject
		{F57BBE55-6F9A-494C-8BEC-F0B46A752418} = {F57BBE55-6F9A-494C-8BEC-F0B46A752418}
		{E9627CC5-3EA4-4605-9694-46F33036CA70} = {E9627CC5-3EA4-4605-9694-46F33036CA70}
	EndProjectSection
EndProject
Project("{FAE04EC0-301F-11D3-BF4B-00C04F79EFBC}") = "OrderProcessing.UnitTests", "OrderProcessing.UnitTests\OrderProcessing.UnitTests.csproj", "{8352D32A-FB3B-409B-A679-48E8536B712F}"
EndProject
Project("{FAE04EC0-301F-11D3-BF4B-00C04F79EFBC}") = "OrderProcessing.IntegrationTests", "OrderProcessing.IntegrationTests\OrderProcessing.IntegrationTests.csproj", "{B74AB26A-22A4-41E3-A0FC-0E4D14222C2C}"
EndProject
Project("{2150E333-8FDC-42A3-9474-1A3956D46DE8}") = "Tests", "Tests", "{9C16309C-AF1F-4BFC-97B3-A61C5E1959C3}"
EndProject
Global
	GlobalSection(SolutionConfigurationPlatforms) = preSolution
		Debug|Any CPU = Debug|Any CPU
		Debug|x64 = Debug|x64
		Debug|x86 = Debug|x86
		Release|Any CPU = Release|Any CPU
		Release|x64 = Release|x64
		Release|x86 = Release|x86
	EndGlobalSection
	GlobalSection(ProjectConfigurationPlatforms) = postSolution
		{E62068DB-59A8-4477-B6A1-15133F24DDA6}.Debug|Any CPU.ActiveCfg = Debug|Any CPU
		{E62068DB-59A8-4477-B6A1-15133F24DDA6}.Debug|Any CPU.Build.0 = Debug|Any CPU
		{E62068DB-59A8-4477-B6A1-15133F24DDA6}.Debug|x64.ActiveCfg = Debug|Any CPU
		{E62068DB-59A8-4477-B6A1-15133F24DDA6}.Debug|x64.Build.0 = Debug|Any CPU
		{E62068DB-59A8-4477-B6A1-15133F24DDA6}.Debug|x86.ActiveCfg = Debug|Any CPU
		{E62068DB-59A8-4477-B6A1-15133F24DDA6}.Debug|x86.Build.0 = Debug|Any CPU
		{E62068DB-59A8-4477-B6A1-15133F24DDA6}.Release|Any CPU.ActiveCfg = Release|Any CPU
		{E62068DB-59A8-4477-B6A1-15133F24DDA6}.Release|Any CPU.Build.0 = Release|Any CPU
		{E62068DB-59A8-4477-B6A1-15133F24DDA6}.Release|x64.ActiveCfg = Release|Any CPU
		{E62068DB-59A8-4477-B6A1-15133F24DDA6}.Release|x64.Build.0 = Release|Any CPU
		{E62068DB-59A8-4477-B6A1-15133F24DDA6}.Release|x86.ActiveCfg = Release|Any CPU
		{E62068DB-59A8-4477-B6A1-15133F24DDA6}.Release|x86.Build.0 = Release|Any CPU
		{F57BBE55-6F9A-494C-8BEC-F0B46A752418}.Debug|Any CPU.ActiveCfg = Debug|Any CPU
		{F57BBE55-6F9A-494C-8BEC-F0B46A752418}.Debug|Any CPU.Build.0 = Debug|Any CPU
		{F57BBE55-6F9A-494C-8BEC-F0B46A752418}.Debug|x64.ActiveCfg = Debug|Any CPU
		{F57BBE55-6F9A-494C-8BEC-F0B46A752418}.Debug|x64.Build.0 = Debug|Any CPU
		{F57BBE55-6F9A-494C-8BEC-F0B46A752418}.Debug|x86.ActiveCfg = Debug|Any CPU
		{F57BBE55-6F9A-494C-8BEC-F0B46A752418}.Debug|x86.Build.0 = Debug|Any CPU
		{F57BBE55-6F9A-494C-8BEC-F0B46A752418}.Release|Any CPU.ActiveCfg = Release|Any CPU
		{F57BBE55-6F9A-494C-8BEC-F0B46A752418}.Release|Any CPU.Build.0 = Release|Any CPU
		{F57BBE55-6F9A-494C-8BEC-F0B46A752418}.Release|x64.ActiveCfg = Release|Any CPU
		{F57BBE55-6F9A-494C-8BEC-F0B46A752418}.Release|x64.Build.0 = Release|Any CPU
		{F57BBE55-6F9A-494C-8BEC-F0B46A752418}.Release|x86.ActiveCfg = Release|Any CPU
		{F57BBE55-6F9A-494C-8BEC-F0B46A752418}.Release|x86.Build.0 = Release|Any CPU
		{C5EF64C4-7AE0-407C-851C-0935AAFCCB95}.Debug|Any CPU.ActiveCfg = Debug|Any CPU
		{C5EF64C4-7AE0-407C-851C-0935AAFCCB95}.Debug|Any CPU.Build.0 = Debug|Any CPU
		{C5EF64C4-7AE0-407C-851C-0935AAFCCB95}.Debug|x64.ActiveCfg = Debug|Any CPU
		{C5EF64C4-7AE0-407C-851C-0935AAFCCB95}.Debug|x64.Build.0 = Debug|Any CPU
		{C5EF64C4-7AE0-407C-851C-0935AAFCCB95}.Debug|x86.ActiveCfg = Debug|Any CPU
		{C5EF64C4-7AE0-407C-851C-0935AAFCCB95}.Debug|x86.Build.0 = Debug|Any CPU
		{C5EF64C4-7AE0-407C-851C-0935AAFCCB95}.Release|Any CPU.ActiveCfg = Release|Any CPU
		{C5EF64C4-7AE0-407C-851C-0935AAFCCB95}.Release|Any CPU.Build.0 = Release|Any CPU
		{C5EF64C4-7AE0-407C-851C-0935AAFCCB95}.Release|x64.ActiveCfg = Release|Any CPU
		{C5EF64C4-7AE0-407C-851C-0935AAFCCB95}.Release|x64.Build.0 = Release|Any CPU
		{C5EF64C4-7AE0-407C-851C-0935AAFCCB95}.Release|x86.ActiveCfg = Release|Any CPU
		{C5EF64C4-7AE0-407C-851C-0935AAFCCB95}.Release|x86.Build.0 = Release|Any CPU
		{E9627CC5-3EA4-4605-9694-46F33036CA70}.Debug|Any CPU.ActiveCfg = Debug|Any CPU
		{E9627CC5-3EA4-4605-9694-46F33036CA70}.Debug|Any CPU.Build.0 = Debug|Any CPU
		{E9627CC5-3EA4-4605-9694-46F33036CA70}.Debug|x64.ActiveCfg = Debug|Any CPU
		{E9627CC5-3EA4-4605-9694-46F33036CA70}.Debug|x64.Build.0 = Debug|Any CPU
		{E9627CC5-3EA4-4605-9694-46F33036CA70}.Debug|x86.ActiveCfg = Debug|Any CPU
		{E9627CC5-3EA4-4605-9694-46F33036CA70}.Debug|x86.Build.0 = Debug|Any CPU
		{E9627CC5-3EA4-4605-9694-46F33036CA70}.Release|Any CPU.ActiveCfg = Release|Any CPU
		{E9627CC5-3EA4-4605-9694-46F33036CA70}.Release|Any CPU.Build.0 = Release|Any CPU
		{E9627CC5-3EA4-4605-9694-46F33036CA70}.Release|x64.ActiveCfg = Release|Any CPU
		{E9627CC5-3EA4-4605-9694-46F33036CA70}.Release|x64.Build.0 = Release|Any CPU
		{E9627CC5-3EA4-4605-9694-46F33036CA70}.Release|x86.ActiveCfg = Release|Any CPU
		{E9627CC5-3EA4-4605-9694-46F33036CA70}.Release|x86.Build.0 = Release|Any CPU
		{995F8F90-F067-45AE-BBD3-8D3A9090C68D}.Debug|Any CPU.ActiveCfg = Debug|Any CPU
		{995F8F90-F067-45AE-BBD3-8D3A9090C68D}.Debug|Any CPU.Build.0 = Debug|Any CPU
		{995F8F90-F067-45AE-BBD3-8D3A9090C68D}.Debug|x64.ActiveCfg = Debug|Any CPU
		{995F8F90-F067-45AE-BBD3-8D3A9090C68D}.Debug|x64.Build.0 = Debug|Any CPU
		{995F8F90-F067-45AE-BBD3-8D3A9090C68D}.Debug|x86.ActiveCfg = Debug|Any CPU
		{995F8F90-F067-45AE-BBD3-8D3A9090C68D}.Debug|x86.Build.0 = Debug|Any CPU
		{995F8F90-F067-45AE-BBD3-8D3A9090C68D}.Release|Any CPU.ActiveCfg = Release|Any CPU
		{995F8F90-F067-45AE-BBD3-8D3A9090C68D}.Release|Any CPU.Build.0 = Release|Any CPU
		{995F8F90-F067-45AE-BBD3-8D3A9090C68D}.Release|x64.ActiveCfg = Release|Any CPU
		{995F8F90-F067-45AE-BBD3-8D3A9090C68D}.Release|x64.Build.0 = Release|Any CPU
		{995F8F90-F067-45AE-BBD3-8D3A9090C68D}.Release|x86.ActiveCfg = Release|Any CPU
		{995F8F90-F067-45AE-BBD3-8D3A9090C68D}.Release|x86.Build.0 = Release|Any CPU
		{8352D32A-FB3B-409B-A679-48E8536B712F}.Debug|Any CPU.ActiveCfg = Debug|Any CPU
		{8352D32A-FB3B-409B-A679-48E8536B712F}.Debug|Any CPU.Build.0 = Debug|Any CPU
		{8352D32A-FB3B-409B-A679-48E8536B712F}.Debug|x64.ActiveCfg = Debug|Any CPU
		{8352D32A-FB3B-409B-A679-48E8536B712F}.Debug|x64.Build.0 = Debug|Any CPU
		{8352D32A-FB3B-409B-A679-48E8536B712F}.Debug|x86.ActiveCfg = Debug|Any CPU
		{8352D32A-FB3B-409B-A679-48E8536B712F}.Debug|x86.Build.0 = Debug|Any CPU
		{8352D32A-FB3B-409B-A679-48E8536B712F}.Release|Any CPU.ActiveCfg = Release|Any CPU
		{8352D32A-FB3B-409B-A679-48E8536B712F}.Release|Any CPU.Build.0 = Release|Any CPU
		{8352D32A-FB3B-409B-A679-48E8536B712F}.Release|x64.ActiveCfg = Release|Any CPU
		{8352D32A-FB3B-409B-A679-48E8536B712F}.Release|x64.Build.0 = Release|Any CPU
		{8352D32A-FB3B-409B-A679-48E8536B712F}.Release|x86.ActiveCfg = Release|Any CPU
		{8352D32A-FB3B-409B-A679-48E8536B712F}.Release|x86.Build.0 = Release|Any CPU
		{B74AB26A-22A4-41E3-A0FC-0E4D14222C2C}.Debug|Any CPU.ActiveCfg = Debug|Any CPU
		{B74AB26A-22A4-41E3-A0FC-0E4D14222C2C}.Debug|Any CPU.Build.0 = Debug|Any CPU
		{B74AB26A-22A4-41E3-A0FC-0E4D14222C2C}.Debug|x64.ActiveCfg = Debug|Any CPU
		{B74AB26A-22A4-41E3-A0FC-0E4D14222C2C}.Debug|x64.Build.0 = Debug|Any CPU
		{B74AB26A-22A4-41E3-A0FC-0E4D14222C2C}.Debug|x86.ActiveCfg = Debug|Any CPU
		{B74AB26A-22A4-41E3-A0FC-0E4D14222C2C}.Debug|x86.Build.0 = Debug|Any CPU
		{B74AB26A-22A4-41E3-A0FC-0E4D14222C2C}.Release|Any CPU.ActiveCfg = Release|Any CPU
		{B74AB26A-22A4-41E3-A0FC-0E4D14222C2C}.Release|Any CPU.Build.0 = Release|Any CPU
		{B74AB26A-22A4-41E3-A0FC-0E4D14222C2C}.Release|x64.ActiveCfg = Release|Any CPU
		{B74AB26A-22A4-41E3-A0FC-0E4D14222C2C}.Release|x64.Build.0 = Release|Any CPU
		{B74AB26A-22A4-41E3-A0FC-0E4D14222C2C}.Release|x86.ActiveCfg = Release|Any CPU
		{B74AB26A-22A4-41E3-A0FC-0E4D14222C2C}.Release|x86.Build.0 = Release|Any CPU
	EndGlobalSection
	GlobalSection(SolutionProperties) = preSolution
		HideSolutionNode = FALSE
	EndGlobalSection
	GlobalSection(NestedProjects) = preSolution
		{B74AB26A-22A4-41E3-A0FC-0E4D14222C2C} = {9C16309C-AF1F-4BFC-97B3-A61C5E1959C3}
		{8352D32A-FB3B-409B-A679-48E8536B712F} = {9C16309C-AF1F-4BFC-97B3-A61C5E1959C3}
	EndGlobalSection
EndGlobal
